// !$*UTF8*$!
{
	archiveVersion = 1;
	classes = {
	};
	objectVersion = 46;
	objects = {

/* Begin PBXBuildFile section */
		6B016A3B1C17A20400F0403A /* AppDelegate.swift in Sources */ = {isa = PBXBuildFile; fileRef = 6B016A3A1C17A20400F0403A /* AppDelegate.swift */; };
		6B016A3D1C17A20400F0403A /* ViewController.swift in Sources */ = {isa = PBXBuildFile; fileRef = 6B016A3C1C17A20400F0403A /* ViewController.swift */; };
		6B016A401C17A20400F0403A /* Main.storyboard in Resources */ = {isa = PBXBuildFile; fileRef = 6B016A3E1C17A20400F0403A /* Main.storyboard */; };
		6B016A421C17A20400F0403A /* Assets.xcassets in Resources */ = {isa = PBXBuildFile; fileRef = 6B016A411C17A20400F0403A /* Assets.xcassets */; };
		6B016A451C17A20400F0403A /* LaunchScreen.storyboard in Resources */ = {isa = PBXBuildFile; fileRef = 6B016A431C17A20400F0403A /* LaunchScreen.storyboard */; };
		6B016A501C17A20400F0403A /* GitHubTest2Tests.swift in Sources */ = {isa = PBXBuildFile; fileRef = 6B016A4F1C17A20400F0403A /* GitHubTest2Tests.swift */; };
		6B016A5B1C17A20400F0403A /* GitHubTest2UITests.swift in Sources */ = {isa = PBXBuildFile; fileRef = 6B016A5A1C17A20400F0403A /* GitHubTest2UITests.swift */; };
/* End PBXBuildFile section */

/* Begin PBXContainerItemProxy section */
		6B016A4C1C17A20400F0403A /* PBXContainerItemProxy */ = {
			isa = PBXContainerItemProxy;
			containerPortal = 6B016A2F1C17A20400F0403A /* Project object */;
			proxyType = 1;
			remoteGlobalIDString = 6B016A361C17A20400F0403A;
			remoteInfo = GitHubTest2;
		};
		6B016A571C17A20400F0403A /* PBXContainerItemProxy */ = {
			isa = PBXContainerItemProxy;
			containerPortal = 6B016A2F1C17A20400F0403A /* Project object */;
			proxyType = 1;
			remoteGlobalIDString = 6B016A361C17A20400F0403A;
			remoteInfo = GitHubTest2;
		};
/* End PBXContainerItemProxy section */

/* Begin PBXFileReference section */
		6B016A371C17A20400F0403A /* GitHubTest2.app */ = {isa = PBXFileReference; explicitFileType = wrapper.application; includeInIndex = 0; path = GitHubTest2.app; sourceTree = BUILT_PRODUCTS_DIR; };
		6B016A3A1C17A20400F0403A /* AppDelegate.swift */ = {isa = PBXFileReference; lastKnownFileType = sourcecode.swift; path = AppDelegate.swift; sourceTree = "<group>"; };
		6B016A3C1C17A20400F0403A /* ViewController.swift */ = {isa = PBXFileReference; lastKnownFileType = sourcecode.swift; path = ViewController.swift; sourceTree = "<group>"; };
		6B016A3F1C17A20400F0403A /* Base */ = {isa = PBXFileReference; lastKnownFileType = file.storyboard; name = Base; path = Base.lproj/Main.storyboard; sourceTree = "<group>"; };
		6B016A411C17A20400F0403A /* Assets.xcassets */ = {isa = PBXFileReference; lastKnownFileType = folder.assetcatalog; path = Assets.xcassets; sourceTree = "<group>"; };
		6B016A441C17A20400F0403A /* Base */ = {isa = PBXFileReference; lastKnownFileType = file.storyboard; name = Base; path = Base.lproj/LaunchScreen.storyboard; sourceTree = "<group>"; };
		6B016A461C17A20400F0403A /* Info.plist */ = {isa = PBXFileReference; lastKnownFileType = text.plist.xml; path = Info.plist; sourceTree = "<group>"; };
		6B016A4B1C17A20400F0403A /* GitHubTest2Tests.xctest */ = {isa = PBXFileReference; explicitFileType = wrapper.cfbundle; includeInIndex = 0; path = GitHubTest2Tests.xctest; sourceTree = BUILT_PRODUCTS_DIR; };
		6B016A4F1C17A20400F0403A /* GitHubTest2Tests.swift */ = {isa = PBXFileReference; lastKnownFileType = sourcecode.swift; path = GitHubTest2Tests.swift; sourceTree = "<group>"; };
		6B016A511C17A20400F0403A /* Info.plist */ = {isa = PBXFileReference; lastKnownFileType = text.plist.xml; path = Info.plist; sourceTree = "<group>"; };
		6B016A561C17A20400F0403A /* GitHubTest2UITests.xctest */ = {isa = PBXFileReference; explicitFileType = wrapper.cfbundle; includeInIndex = 0; path = GitHubTest2UITests.xctest; sourceTree = BUILT_PRODUCTS_DIR; };
		6B016A5A1C17A20400F0403A /* GitHubTest2UITests.swift */ = {isa = PBXFileReference; lastKnownFileType = sourcecode.swift; path = GitHubTest2UITests.swift; sourceTree = "<group>"; };
		6B016A5C1C17A20400F0403A /* Info.plist */ = {isa = PBXFileReference; lastKnownFileType = text.plist.xml; path = Info.plist; sourceTree = "<group>"; };
/* End PBXFileReference section */

/* Begin PBXFrameworksBuildPhase section */
		6B016A341C17A20400F0403A /* Frameworks */ = {
			isa = PBXFrameworksBuildPhase;
			buildActionMask = 2147483647;
			files = (
			);
			runOnlyForDeploymentPostprocessing = 0;
		};
		6B016A481C17A20400F0403A /* Frameworks */ = {
			isa = PBXFrameworksBuildPhase;
			buildActionMask = 2147483647;
			files = (
			);
			runOnlyForDeploymentPostprocessing = 0;
		};
		6B016A531C17A20400F0403A /* Frameworks */ = {
			isa = PBXFrameworksBuildPhase;
			buildActionMask = 2147483647;
			files = (
			);
			runOnlyForDeploymentPostprocessing = 0;
		};
/* End PBXFrameworksBuildPhase section */

/* Begin PBXGroup section */
		6B016A2E1C17A20400F0403A = {
			isa = PBXGroup;
			children = (
				6B016A391C17A20400F0403A /* GitHubTest2 */,
				6B016A4E1C17A20400F0403A /* GitHubTest2Tests */,
				6B016A591C17A20400F0403A /* GitHubTest2UITests */,
				6B016A381C17A20400F0403A /* Products */,
			);
			sourceTree = "<group>";
		};
		6B016A381C17A20400F0403A /* Products */ = {
			isa = PBXGroup;
			children = (
				6B016A371C17A20400F0403A /* GitHubTest2.app */,
				6B016A4B1C17A20400F0403A /* GitHubTest2Tests.xctest */,
				6B016A561C17A20400F0403A /* GitHubTest2UITests.xctest */,
			);
			name = Products;
			sourceTree = "<group>";
		};
		6B016A391C17A20400F0403A /* GitHubTest2 */ = {
			isa = PBXGroup;
			children = (
				6B016A3A1C17A20400F0403A /* AppDelegate.swift */,
				6B016A3C1C17A20400F0403A /* ViewController.swift */,
				6B016A3E1C17A20400F0403A /* Main.storyboard */,
				6B016A411C17A20400F0403A /* Assets.xcassets */,
				6B016A431C17A20400F0403A /* LaunchScreen.storyboard */,
				6B016A461C17A20400F0403A /* Info.plist */,
			);
			path = GitHubTest2;
			sourceTree = "<group>";
		};
		6B016A4E1C17A20400F0403A /* GitHubTest2Tests */ = {
			isa = PBXGroup;
			children = (
				6B016A4F1C17A20400F0403A /* GitHubTest2Tests.swift */,
				6B016A511C17A20400F0403A /* Info.plist */,
			);
			path = GitHubTest2Tests;
			sourceTree = "<group>";
		};
		6B016A591C17A20400F0403A /* GitHubTest2UITests */ = {
			isa = PBXGroup;
			children = (
				6B016A5A1C17A20400F0403A /* GitHubTest2UITests.swift */,
				6B016A5C1C17A20400F0403A /* Info.plist */,
			);
			path = GitHubTest2UITests;
			sourceTree = "<group>";
		};
/* End PBXGroup section */

/* Begin PBXNativeTarget section */
		6B016A361C17A20400F0403A /* GitHubTest2 */ = {
			isa = PBXNativeTarget;
			buildConfigurationList = 6B016A5F1C17A20400F0403A /* Build configuration list for PBXNativeTarget "GitHubTest2" */;
			buildPhases = (
				6B016A331C17A20400F0403A /* Sources */,
				6B016A341C17A20400F0403A /* Frameworks */,
				6B016A351C17A20400F0403A /* Resources */,
			);
			buildRules = (
			);
			dependencies = (
			);
			name = GitHubTest2;
			productName = GitHubTest2;
			productReference = 6B016A371C17A20400F0403A /* GitHubTest2.app */;
			productType = "com.apple.product-type.application";
		};
		6B016A4A1C17A20400F0403A /* GitHubTest2Tests */ = {
			isa = PBXNativeTarget;
			buildConfigurationList = 6B016A621C17A20400F0403A /* Build configuration list for PBXNativeTarget "GitHubTest2Tests" */;
			buildPhases = (
				6B016A471C17A20400F0403A /* Sources */,
				6B016A481C17A20400F0403A /* Frameworks */,
				6B016A491C17A20400F0403A /* Resources */,
			);
			buildRules = (
			);
			dependencies = (
				6B016A4D1C17A20400F0403A /* PBXTargetDependency */,
			);
			name = GitHubTest2Tests;
			productName = GitHubTest2Tests;
			productReference = 6B016A4B1C17A20400F0403A /* GitHubTest2Tests.xctest */;
			productType = "com.apple.product-type.bundle.unit-test";
		};
		6B016A551C17A20400F0403A /* GitHubTest2UITests */ = {
			isa = PBXNativeTarget;
			buildConfigurationList = 6B016A651C17A20400F0403A /* Build configuration list for PBXNativeTarget "GitHubTest2UITests" */;
			buildPhases = (
				6B016A521C17A20400F0403A /* Sources */,
				6B016A531C17A20400F0403A /* Frameworks */,
				6B016A541C17A20400F0403A /* Resources */,
			);
			buildRules = (
			);
			dependencies = (
				6B016A581C17A20400F0403A /* PBXTargetDependency */,
			);
			name = GitHubTest2UITests;
			productName = GitHubTest2UITests;
			productReference = 6B016A561C17A20400F0403A /* GitHubTest2UITests.xctest */;
			productType = "com.apple.product-type.bundle.ui-testing";
		};
/* End PBXNativeTarget section */

/* Begin PBXProject section */
		6B016A2F1C17A20400F0403A /* Project object */ = {
			isa = PBXProject;
			attributes = {
				LastSwiftUpdateCheck = 0710;
				LastUpgradeCheck = 0710;
				ORGANIZATIONNAME = "Happy Shark Software";
				TargetAttributes = {
					6B016A361C17A20400F0403A = {
						CreatedOnToolsVersion = 7.1.1;
					};
					6B016A4A1C17A20400F0403A = {
						CreatedOnToolsVersion = 7.1.1;
						TestTargetID = 6B016A361C17A20400F0403A;
					};
					6B016A551C17A20400F0403A = {
						CreatedOnToolsVersion = 7.1.1;
						TestTargetID = 6B016A361C17A20400F0403A;
					};
				};
			};
			buildConfigurationList = 6B016A321C17A20400F0403A /* Build configuration list for PBXProject "GitHubTest2" */;
			compatibilityVersion = "Xcode 3.2";
			developmentRegion = English;
			hasScannedForEncodings = 0;
			knownRegions = (
				en,
				Base,
			);
			mainGroup = 6B016A2E1C17A20400F0403A;
			productRefGroup = 6B016A381C17A20400F0403A /* Products */;
			projectDirPath = "";
			projectRoot = "";
			targets = (
				6B016A361C17A20400F0403A /* GitHubTest2 */,
				6B016A4A1C17A20400F0403A /* GitHubTest2Tests */,
				6B016A551C17A20400F0403A /* GitHubTest2UITests */,
			);
		};
/* End PBXProject section */

/* Begin PBXResourcesBuildPhase section */
		6B016A351C17A20400F0403A /* Resources */ = {
			isa = PBXResourcesBuildPhase;
			buildActionMask = 2147483647;
			files = (
				6B016A451C17A20400F0403A /* LaunchScreen.storyboard in Resources */,
				6B016A421C17A20400F0403A /* Assets.xcassets in Resources */,
				6B016A401C17A20400F0403A /* Main.storyboard in Resources */,
			);
			runOnlyForDeploymentPostprocessing = 0;
		};
		6B016A491C17A20400F0403A /* Resources */ = {
			isa = PBXResourcesBuildPhase;
			buildActionMask = 2147483647;
			files = (
			);
			runOnlyForDeploymentPostprocessing = 0;
		};
		6B016A541C17A20400F0403A /* Resources */ = {
			isa = PBXResourcesBuildPhase;
			buildActionMask = 2147483647;
			files = (
			);
			runOnlyForDeploymentPostprocessing = 0;
		};
/* End PBXResourcesBuildPhase section */

/* Begin PBXSourcesBuildPhase section */
		6B016A331C17A20400F0403A /* Sources */ = {
			isa = PBXSourcesBuildPhase;
			buildActionMask = 2147483647;
			files = (
				6B016A3D1C17A20400F0403A /* ViewController.swift in Sources */,
				6B016A3B1C17A20400F0403A /* AppDelegate.swift in Sources */,
			);
			runOnlyForDeploymentPostprocessing = 0;
		};
		6B016A471C17A20400F0403A /* Sources */ = {
			isa = PBXSourcesBuildPhase;
			buildActionMask = 2147483647;
			files = (
				6B016A501C17A20400F0403A /* GitHubTest2Tests.swift in Sources */,
			);
			runOnlyForDeploymentPostprocessing = 0;
		};
		6B016A521C17A20400F0403A /* Sources */ = {
			isa = PBXSourcesBuildPhase;
			buildActionMask = 2147483647;
			files = (
				6B016A5B1C17A20400F0403A /* GitHubTest2UITests.swift in Sources */,
			);
			runOnlyForDeploymentPostprocessing = 0;
		};
/* End PBXSourcesBuildPhase section */

/* Begin PBXTargetDependency section */
		6B016A4D1C17A20400F0403A /* PBXTargetDependency */ = {
			isa = PBXTargetDependency;
			target = 6B016A361C17A20400F0403A /* GitHubTest2 */;
			targetProxy = 6B016A4C1C17A20400F0403A /* PBXContainerItemProxy */;
		};
		6B016A581C17A20400F0403A /* PBXTargetDependency */ = {
			isa = PBXTargetDependency;
			target = 6B016A361C17A20400F0403A /* GitHubTest2 */;
			targetProxy = 6B016A571C17A20400F0403A /* PBXContainerItemProxy */;
		};
/* End PBXTargetDependency section */

/* Begin PBXVariantGroup section */
		6B016A3E1C17A20400F0403A /* Main.storyboard */ = {
			isa = PBXVariantGroup;
			children = (
				6B016A3F1C17A20400F0403A /* Base */,
			);
			name = Main.storyboard;
			sourceTree = "<group>";
		};
		6B016A431C17A20400F0403A /* LaunchScreen.storyboard */ = {
			isa = PBXVariantGroup;
			children = (
				6B016A441C17A20400F0403A /* Base */,
			);
			name = LaunchScreen.storyboard;
			sourceTree = "<group>";
		};
/* End PBXVariantGroup section */

/* Begin XCBuildConfiguration section */
		6B016A5D1C17A20400F0403A /* Debug */ = {
			isa = XCBuildConfiguration;
			buildSettings = {
				ALWAYS_SEARCH_USER_PATHS = NO;
				CLANG_CXX_LANGUAGE_STANDARD = "gnu++0x";
				CLANG_CXX_LIBRARY = "libc++";
				CLANG_ENABLE_MODULES = YES;
				CLANG_ENABLE_OBJC_ARC = YES;
				CLANG_WARN_BOOL_CONVERSION = YES;
				CLANG_WARN_CONSTANT_CONVERSION = YES;
				CLANG_WARN_DIRECT_OBJC_ISA_USAGE = YES_ERROR;
				CLANG_WARN_EMPTY_BODY = YES;
				CLANG_WARN_ENUM_CONVERSION = YES;
				CLANG_WARN_INT_CONVERSION = YES;
				CLANG_WARN_OBJC_ROOT_CLASS = YES_ERROR;
				CLANG_WARN_UNREACHABLE_CODE = YES;
				CLANG_WARN__DUPLICATE_METHOD_MATCH = YES;
				"CODE_SIGN_IDENTITY[sdk=iphoneos*]" = "iPhone Developer";
				COPY_PHASE_STRIP = NO;
				DEBUG_INFORMATION_FORMAT = dwarf;
				ENABLE_STRICT_OBJC_MSGSEND = YES;
				ENABLE_TESTABILITY = YES;
				GCC_C_LANGUAGE_STANDARD = gnu99;
				GCC_DYNAMIC_NO_PIC = NO;
				GCC_NO_COMMON_BLOCKS = YES;
				GCC_OPTIMIZATION_LEVEL = 0;
				GCC_PREPROCESSOR_DEFINITIONS = (
					"DEBUG=1",
					"$(inherited)",
				);
				GCC_WARN_64_TO_32_BIT_CONVERSION = YES;
				GCC_WARN_ABOUT_RETURN_TYPE = YES_ERROR;
				GCC_WARN_UNDECLARED_SELECTOR = YES;
				GCC_WARN_UNINITIALIZED_AUTOS = YES_AGGRESSIVE;
				GCC_WARN_UNUSED_FUNCTION = YES;
				GCC_WARN_UNUSED_VARIABLE = YES;
				IPHONEOS_DEPLOYMENT_TARGET = 9.1;
				MTL_ENABLE_DEBUG_INFO = YES;
				ONLY_ACTIVE_ARCH = YES;
				SDKROOT = iphoneos;
				SWIFT_OPTIMIZATION_LEVEL = "-Onone";
				TARGETED_DEVICE_FAMILY = "1,2";
			};
			name = Debug;
		};
		6B016A5E1C17A20400F0403A /* Release */ = {
			isa = XCBuildConfiguration;
			buildSettings = {
				ALWAYS_SEARCH_USER_PATHS = NO;
				CLANG_CXX_LANGUAGE_STANDARD = "gnu++0x";
				CLANG_CXX_LIBRARY = "libc++";
				CLANG_ENABLE_MODULES = YES;
				CLANG_ENABLE_OBJC_ARC = YES;
				CLANG_WARN_BOOL_CONVERSION = YES;
				CLANG_WARN_CONSTANT_CONVERSION = YES;
				CLANG_WARN_DIRECT_OBJC_ISA_USAGE = YES_ERROR;
				CLANG_WARN_EMPTY_BODY = YES;
				CLANG_WARN_ENUM_CONVERSION = YES;
				CLANG_WARN_INT_CONVERSION = YES;
				CLANG_WARN_OBJC_ROOT_CLASS = YES_ERROR;
				CLANG_WARN_UNREACHABLE_CODE = YES;
				CLANG_WARN__DUPLICATE_METHOD_MATCH = YES;
				"CODE_SIGN_IDENTITY[sdk=iphoneos*]" = "iPhone Developer";
				COPY_PHASE_STRIP = NO;
				DEBUG_INFORMATION_FORMAT = "dwarf-with-dsym";
				ENABLE_NS_ASSERTIONS = NO;
				ENABLE_STRICT_OBJC_MSGSEND = YES;
				GCC_C_LANGUAGE_STANDARD = gnu99;
				GCC_NO_COMMON_BLOCKS = YES;
				GCC_WARN_64_TO_32_BIT_CONVERSION = YES;
				GCC_WARN_ABOUT_RETURN_TYPE = YES_ERROR;
				GCC_WARN_UNDECLARED_SELECTOR = YES;
				GCC_WARN_UNINITIALIZED_AUTOS = YES_AGGRESSIVE;
				GCC_WARN_UNUSED_FUNCTION = YES;
				GCC_WARN_UNUSED_VARIABLE = YES;
				IPHONEOS_DEPLOYMENT_TARGET = 9.1;
				MTL_ENABLE_DEBUG_INFO = NO;
				SDKROOT = iphoneos;
				TARGETED_DEVICE_FAMILY = "1,2";
				VALIDATE_PRODUCT = YES;
			};
			name = Release;
		};
		6B016A601C17A20400F0403A /* Debug */ = {
			isa = XCBuildConfiguration;
			buildSettings = {
				ASSETCATALOG_COMPILER_APPICON_NAME = AppIcon;
				INFOPLIST_FILE = GitHubTest2/Info.plist;
				LD_RUNPATH_SEARCH_PATHS = "$(inherited) @executable_path/Frameworks";
				PRODUCT_BUNDLE_IDENTIFIER = HappySharkSoftware.GitHubTest2;
				PRODUCT_NAME = "$(TARGET_NAME)";
			};
			name = Debug;
		};
		6B016A611C17A20400F0403A /* Release */ = {
			isa = XCBuildConfiguration;
			buildSettings = {
				ASSETCATALOG_COMPILER_APPICON_NAME = AppIcon;
				INFOPLIST_FILE = GitHubTest2/Info.plist;
				LD_RUNPATH_SEARCH_PATHS = "$(inherited) @executable_path/Frameworks";
				PRODUCT_BUNDLE_IDENTIFIER = HappySharkSoftware.GitHubTest2;
				PRODUCT_NAME = "$(TARGET_NAME)";
			};
			name = Release;
		};
		6B016A631C17A20400F0403A /* Debug */ = {
			isa = XCBuildConfiguration;
			buildSettings = {
				BUNDLE_LOADER = "$(TEST_HOST)";
				INFOPLIST_FILE = GitHubTest2Tests/Info.plist;
				LD_RUNPATH_SEARCH_PATHS = "$(inherited) @executable_path/Frameworks @loader_path/Frameworks";
				PRODUCT_BUNDLE_IDENTIFIER = HappySharkSoftware.GitHubTest2Tests;
				PRODUCT_NAME = "$(TARGET_NAME)";
				TEST_HOST = "$(BUILT_PRODUCTS_DIR)/GitHubTest2.app/GitHubTest2";
			};
			name = Debug;
		};
		6B016A641C17A20400F0403A /* Release */ = {
			isa = XCBuildConfiguration;
			buildSettings = {
				BUNDLE_LOADER = "$(TEST_HOST)";
				INFOPLIST_FILE = GitHubTest2Tests/Info.plist;
				LD_RUNPATH_SEARCH_PATHS = "$(inherited) @executable_path/Frameworks @loader_path/Frameworks";
				PRODUCT_BUNDLE_IDENTIFIER = HappySharkSoftware.GitHubTest2Tests;
				PRODUCT_NAME = "$(TARGET_NAME)";
				TEST_HOST = "$(BUILT_PRODUCTS_DIR)/GitHubTest2.app/GitHubTest2";
			};
			name = Release;
		};
		6B016A661C17A20400F0403A /* Debug */ = {
			isa = XCBuildConfiguration;
			buildSettings = {
				INFOPLIST_FILE = GitHubTest2UITests/Info.plist;
				LD_RUNPATH_SEARCH_PATHS = "$(inherited) @executable_path/Frameworks @loader_path/Frameworks";
				PRODUCT_BUNDLE_IDENTIFIER = HappySharkSoftware.GitHubTest2UITests;
				PRODUCT_NAME = "$(TARGET_NAME)";
				TEST_TARGET_NAME = GitHubTest2;
				USES_XCTRUNNER = YES;
			};
			name = Debug;
		};
		6B016A671C17A20400F0403A /* Release */ = {
			isa = XCBuildConfiguration;
			buildSettings = {
				INFOPLIST_FILE = GitHubTest2UITests/Info.plist;
				LD_RUNPATH_SEARCH_PATHS = "$(inherited) @executable_path/Frameworks @loader_path/Frameworks";
				PRODUCT_BUNDLE_IDENTIFIER = HappySharkSoftware.GitHubTest2UITests;
				PRODUCT_NAME = "$(TARGET_NAME)";
				TEST_TARGET_NAME = GitHubTest2;
				USES_XCTRUNNER = YES;
			};
			name = Release;
		};
/* End XCBuildConfiguration section */

/* Begin XCConfigurationList section */
		6B016A321C17A20400F0403A /* Build configuration list for PBXProject "GitHubTest2" */ = {
			isa = XCConfigurationList;
			buildConfigurations = (
				6B016A5D1C17A20400F0403A /* Debug */,
				6B016A5E1C17A20400F0403A /* Release */,
			);
			defaultConfigurationIsVisible = 0;
			defaultConfigurationName = Release;
		};
		6B016A5F1C17A20400F0403A /* Build configuration list for PBXNativeTarget "GitHubTest2" */ = {
			isa = XCConfigurationList;
			buildConfigurations = (
				6B016A601C17A20400F0403A /* Debug */,
				6B016A611C17A20400F0403A /* Release */,
			);
			defaultConfigurationIsVisible = 0;
		};
		6B016A621C17A20400F0403A /* Build configuration list for PBXNativeTarget "GitHubTest2Tests" */ = {
			isa = XCConfigurationList;
			buildConfigurations = (
				6B016A631C17A20400F0403A /* Debug */,
				6B016A641C17A20400F0403A /* Release */,
			);
			defaultConfigurationIsVisible = 0;
		};
		6B016A651C17A20400F0403A /* Build configuration list for PBXNativeTarget "GitHubTest2UITests" */ = {
			isa = XCConfigurationList;
			buildConfigurations = (
				6B016A661C17A20400F0403A /* Debug */,
				6B016A671C17A20400F0403A /* Release */,
			);
			defaultConfigurationIsVisible = 0;
		};
/* End XCConfigurationList section */
	};
	rootObject = 6B016A2F1C17A20400F0403A /* Project object */;
}
